
Microsoft Visual Studio Solution File, Format Version 12.00
# Visual Studio 15
VisualStudioVersion = 15.0.28307.1831
MinimumVisualStudioVersion = 10.0.40219.1
Project("{FAE04EC0-301F-11D3-BF4B-00C04F79EFBC}") = "Instagram", "Instagram\Instagram.csproj", "{F995E855-E1D6-4FF0-B507-586C0EFAC61F}"
EndProject
Global
	GlobalSection(SolutionConfigurationPlatforms) = preSolution
		Debug|Any CPU = Debug|Any CPU
		Release|Any CPU = Release|Any CPU
	EndGlobalSection
	GlobalSection(ProjectConfigurationPlatforms) = postSolution
		{F995E855-E1D6-4FF0-B507-586C0EFAC61F}.Debug|Any CPU.ActiveCfg = Debug|Any CPU
		{F995E855-E1D6-4FF0-B507-586C0EFAC61F}.Debug|Any CPU.Build.0 = Debug|Any CPU
		{F995E855-E1D6-4FF0-B507-586C0EFAC61F}.Release|Any CPU.ActiveCfg = Release|Any CPU
		{F995E855-E1D6-4FF0-B507-586C0EFAC61F}.Release|Any CPU.Build.0 = Release|Any CPU
	EndGlobalSection
	GlobalSection(SolutionProperties) = preSolution
		HideSolutionNode = FALSE
	EndGlobalSection
	GlobalSection(ExtensibilityGlobals) = postSolution
		SolutionGuid = {DC6A899D-6CE0-4FA8-9886-50A48B02784D}
	EndGlobalSection
EndGlobal
